PODS:
  - AEAssistant (0.0.18-beyondsports):
    - AEAssistant/no-arc (= 0.0.18-beyondsports)
    - RegexKitLite
  - AEAssistant/no-arc (0.0.18-beyondsports):
    - RegexKitLite
  - RegexKitLite (4.0)

DEPENDENCIES:
  - AEAssistant (from `../`)

EXTERNAL SOURCES:
  AEAssistant:
    :path: ../

SPEC CHECKSUMS:
  AEAssistant: 25abc950c710104cac82e0dc60017c97923e468f
  RegexKitLite: c0e4c12e6e7de0769f3a3ed679f0f61604170661

PODFILE CHECKSUM: cf52f8e77c7e83167ffe426c56cdcc881f8044d4

COCOAPODS: 1.3.1
